
Microsoft Visual Studio Solution File, Format Version 12.00
# Visual Studio Version 17
VisualStudioVersion = 17.10.35013.160
MinimumVisualStudioVersion = 10.0.40219.1
Project("{9A19103F-16F7-4668-BE54-9A1E7A4F7556}") = "BroadCasting_WebApp", "BroadCasting_WebApp\BroadCasting_WebApp.csproj", "{D8F515C4-4963-4D0A-9897-2BC70674BE2C}"
EndProject
Project("{00D1A9C2-B5F0-4AF3-8072-F6C62B433612}") = "EventManagement", "EventManagement\EventManagement.sqlproj", "{F1F2F674-C056-4D8A-B1D7-59D28B8CBE72}"
EndProject
Project("{9A19103F-16F7-4668-BE54-9A1E7A4F7556}") = "BroadCastAPI", "BroadCastAPI\BroadCastAPI.csproj", "{6FC01D85-C0B4-4E21-BB91-9D605802427A}"
EndProject
Project("{FAE04EC0-301F-11D3-BF4B-00C04F79EFBC}") = "SignalRHub", "SignalRHub\SignalRHub.csproj", "{CDCC8BB3-504C-4CBA-9FF1-0878B9820D79}"
EndProject
Global
	GlobalSection(SolutionConfigurationPlatforms) = preSolution
		Debug|Any CPU = Debug|Any CPU
		Release|Any CPU = Release|Any CPU
	EndGlobalSection
	GlobalSection(ProjectConfigurationPlatforms) = postSolution
		{D8F515C4-4963-4D0A-9897-2BC70674BE2C}.Debug|Any CPU.ActiveCfg = Debug|Any CPU
		{D8F515C4-4963-4D0A-9897-2BC70674BE2C}.Debug|Any CPU.Build.0 = Debug|Any CPU
		{D8F515C4-4963-4D0A-9897-2BC70674BE2C}.Release|Any CPU.ActiveCfg = Release|Any CPU
		{D8F515C4-4963-4D0A-9897-2BC70674BE2C}.Release|Any CPU.Build.0 = Release|Any CPU
		{F1F2F674-C056-4D8A-B1D7-59D28B8CBE72}.Debug|Any CPU.ActiveCfg = Debug|Any CPU
		{F1F2F674-C056-4D8A-B1D7-59D28B8CBE72}.Debug|Any CPU.Build.0 = Debug|Any CPU
		{F1F2F674-C056-4D8A-B1D7-59D28B8CBE72}.Debug|Any CPU.Deploy.0 = Debug|Any CPU
		{F1F2F674-C056-4D8A-B1D7-59D28B8CBE72}.Release|Any CPU.ActiveCfg = Release|Any CPU
		{F1F2F674-C056-4D8A-B1D7-59D28B8CBE72}.Release|Any CPU.Build.0 = Release|Any CPU
		{F1F2F674-C056-4D8A-B1D7-59D28B8CBE72}.Release|Any CPU.Deploy.0 = Release|Any CPU
		{6FC01D85-C0B4-4E21-BB91-9D605802427A}.Debug|Any CPU.ActiveCfg = Debug|Any CPU
		{6FC01D85-C0B4-4E21-BB91-9D605802427A}.Debug|Any CPU.Build.0 = Debug|Any CPU
		{6FC01D85-C0B4-4E21-BB91-9D605802427A}.Release|Any CPU.ActiveCfg = Release|Any CPU
		{6FC01D85-C0B4-4E21-BB91-9D605802427A}.Release|Any CPU.Build.0 = Release|Any CPU
		{CDCC8BB3-504C-4CBA-9FF1-0878B9820D79}.Debug|Any CPU.ActiveCfg = Debug|Any CPU
		{CDCC8BB3-504C-4CBA-9FF1-0878B9820D79}.Debug|Any CPU.Build.0 = Debug|Any CPU
		{CDCC8BB3-504C-4CBA-9FF1-0878B9820D79}.Release|Any CPU.ActiveCfg = Release|Any CPU
		{CDCC8BB3-504C-4CBA-9FF1-0878B9820D79}.Release|Any CPU.Build.0 = Release|Any CPU
	EndGlobalSection
	GlobalSection(SolutionProperties) = preSolution
		HideSolutionNode = FALSE
	EndGlobalSection
	GlobalSection(ExtensibilityGlobals) = postSolution
		SolutionGuid = {1C186A0F-6305-4036-B043-F0D2CE11FDC0}
	EndGlobalSection
EndGlobal
